{
  "nodes": {
    "anystyleNixpkgs": {
      "locked": {
        "lastModified": 1598284025,
        "narHash": "sha256-nDlClDKs5dy62AqYAFnwFJMqBn+9P/iCKdy4hPgiJ8w=",
        "owner": "SCOTT-HAMILTON",
        "repo": "nixpkgs",
        "rev": "4cf6c95cb021b62e78e769af7ba64280b340b666",
        "type": "github"
      },
      "original": {
        "owner": "SCOTT-HAMILTON",
        "repo": "nixpkgs",
        "rev": "4cf6c95cb021b62e78e769af7ba64280b340b666",
        "type": "github"
      }
    },
    "emacsOverlay": {
      "locked": {
        "lastModified": 1599755053,
        "narHash": "sha256-Y3so+xmOygMGlih+fkLbLI9lx1cur3c8KFhmKE7OF64=",
        "owner": "nix-community",
        "repo": "emacs-overlay",
        "rev": "8ab58c768e0e5c5026053a048787db8e276e1148",
        "type": "github"
      },
      "original": {
        "owner": "nix-community",
        "repo": "emacs-overlay",
        "type": "github"
      }
    },
    "home": {
      "inputs": {
        "nixpkgs": "nixpkgs"
      },
      "locked": {
        "lastModified": 1599820015,
        "narHash": "sha256-nJtNCuFOmahoezwYlc96tpsd3wyw/k+6EavuYjmsXbI=",
        "owner": "rycee",
        "repo": "home-manager",
        "rev": "605a8fc92e2bb346b17d102d94d37af23c9b7d4e",
        "type": "github"
      },
      "original": {
        "owner": "rycee",
        "repo": "home-manager",
        "type": "github"
      }
    },
    "koreaderNixpkgs": {
      "locked": {
        "lastModified": 1601708259,
        "narHash": "sha256-j74lcQLGLFmmrd2/Zy9BR8GNU8RcvLFoH1S54Ow6Baw=",
        "owner": "contrun",
        "repo": "nixpkgs",
        "rev": "f899b94e7072d8c217aedcbf047d174a4530d4a1",
        "type": "github"
      },
      "original": {
        "owner": "contrun",
        "repo": "nixpkgs",
        "rev": "f899b94e7072d8c217aedcbf047d174a4530d4a1",
        "type": "github"
      }
    },
    "latexmlNixpkgs": {
      "locked": {
        "lastModified": 1599254524,
        "narHash": "sha256-Eg6v9Qhyc5Ajao5EEhk0YTNHS/Y9FPKWUvXbdIJyVh4=",
        "owner": "xworld21",
        "repo": "nixpkgs",
        "rev": "d66ad88b42ce0894d4c05b7f9fdb270d6c39df5f",
        "type": "github"
      },
      "original": {
        "owner": "xworld21",
        "repo": "nixpkgs",
        "rev": "d66ad88b42ce0894d4c05b7f9fdb270d6c39df5f",
        "type": "github"
      }
    },
    "nixpkgs": {
      "locked": {
        "lastModified": 1599945705,
        "narHash": "sha256-8haWF6ZNMd5b5vxqWuXKMYMlyrCDAj0Zk3gxBfLnois=",
        "owner": "NixOS",
        "repo": "nixpkgs",
        "rev": "cba76f9ee6f982c34b147e0d1da3ed994f17c295",
        "type": "github"
      },
      "original": {
        "id": "nixpkgs",
        "type": "indirect"
      }
    },
    "nixpkgs_2": {
      "locked": {
        "lastModified": 1602959505,
        "narHash": "sha256-7xuXQTfBrqdIJ7zld6FraNhpweZWaMeolvnYNSRd1Pg=",
        "owner": "nixos",
        "repo": "nixpkgs",
        "rev": "347cb204cae5258d28ff8789f40110ffae265780",
        "type": "github"
      },
      "original": {
        "owner": "nixos",
        "ref": "master",
        "repo": "nixpkgs",
        "type": "github"
      }
    },
    "paraviewNixpkgs": {
      "locked": {
        "lastModified": 1590962352,
        "narHash": "sha256-dfm8PBY0ThUegxzmYdUcmW3jR9dIpED+EDQi4U9LMJg=",
        "owner": "nixos",
        "repo": "nixpkgs",
        "rev": "72158c231ae46a34ec16b8134d2a8598506acd9c",
        "type": "github"
      },
      "original": {
        "owner": "nixos",
        "repo": "nixpkgs",
        "rev": "72158c231ae46a34ec16b8134d2a8598506acd9c",
        "type": "github"
      }
    },
    "root": {
      "inputs": {
        "anystyleNixpkgs": "anystyleNixpkgs",
        "emacsOverlay": "emacsOverlay",
        "home": "home",
        "koreaderNixpkgs": "koreaderNixpkgs",
        "latexmlNixpkgs": "latexmlNixpkgs",
        "nixpkgs": "nixpkgs_2",
        "paraviewNixpkgs": "paraviewNixpkgs",
        "sageNixpkgs": "sageNixpkgs",
        "ventoyNixpkgs": "ventoyNixpkgs",
        "verilatorNixpkgs": "verilatorNixpkgs",
        "vivadoNixpkgs": "vivadoNixpkgs"
      }
    },
    "sageNixpkgs": {
      "locked": {
        "lastModified": 1588371130,
        "narHash": "sha256-eek72PlLXIixlBXf8oLAAld9dzDTK7epCzlQBOnzBbo=",
        "owner": "nixos",
        "repo": "nixpkgs",
        "rev": "7866440f1223dc447f38cb23c00e10b44b4c98fe",
        "type": "github"
      },
      "original": {
        "owner": "nixos",
        "repo": "nixpkgs",
        "rev": "7866440f1223dc447f38cb23c00e10b44b4c98fe",
        "type": "github"
      }
    },
    "ventoyNixpkgs": {
      "locked": {
        "lastModified": 1588239189,
        "narHash": "sha256-iDMCKwcj2tw4t1QStbo8ep33MjRrVdHB/STtmByZ9Xs=",
        "owner": "Br1ght0ne",
        "repo": "nixpkgs",
        "rev": "f09655337b699bcc323e3b92a670d910e77035ae",
        "type": "github"
      },
      "original": {
        "owner": "Br1ght0ne",
        "repo": "nixpkgs",
        "rev": "f09655337b699bcc323e3b92a670d910e77035ae",
        "type": "github"
      }
    },
    "verilatorNixpkgs": {
      "locked": {
        "lastModified": 1598198484,
        "narHash": "sha256-JHmRB/iUzWQ/F9R00pV1DUCIk2kVy48ABWIpmvo4q30=",
        "owner": "nixos",
        "repo": "nixpkgs",
        "rev": "1e451da3860c1c562fdccefb7f0380f765251399",
        "type": "github"
      },
      "original": {
        "owner": "nixos",
        "repo": "nixpkgs",
        "rev": "1e451da3860c1c562fdccefb7f0380f765251399",
        "type": "github"
      }
    },
    "vivadoNixpkgs": {
      "locked": {
        "lastModified": 1595098392,
        "narHash": "sha256-zGK1HqSN6KWigO1J2Unp4SNy//SWDBGkVtPYPDhSOeg=",
        "owner": "matthuszagh",
        "repo": "nixpkgs",
        "rev": "5845946d0e11ad566734f89b39deaa2a88deba72",
        "type": "github"
      },
      "original": {
        "owner": "matthuszagh",
        "ref": "vivado",
        "repo": "nixpkgs",
        "type": "github"
      }
    }
  },
  "root": "root",
  "version": 7
}
