{
  "nodes": {
    "home": {
      "inputs": {
        "nixpkgs": "nixpkgs"
      },
      "locked": {
        "lastModified": 1591751635,
        "narHash": "sha256-KgGtyFlkI/fsp+j8VEgJ/ynY9B91aX35Xp04HlDLRTo=",
        "owner": "rycee",
        "repo": "home-manager",
        "rev": "b3fee796fcd5531693d9b84ece76ad6836bb1cfa",
        "type": "github"
      },
      "original": {
        "owner": "rycee",
        "ref": "bqv-flakes",
        "repo": "home-manager",
        "type": "github"
      }
    },
    "master": {
      "locked": {
        "lastModified": 1597275440,
        "narHash": "sha256-plzJXHttw7E7yiq/i4Yc3L7nmK2rWa5cIo7UwffWrd4=",
        "owner": "NixOS",
        "repo": "nixpkgs",
        "rev": "d3f4544da57548c50c1a061e0755db13b7029483",
        "type": "github"
      },
      "original": {
        "id": "nixpkgs",
        "ref": "master",
        "type": "indirect"
      }
    },
    "nixos": {
      "locked": {
        "lastModified": 1597243902,
        "narHash": "sha256-wYGEPOmBDpEmGtgA2n/AuOhAE00ti2WbxCYuaoFy0MU=",
        "owner": "NixOS",
        "repo": "nixpkgs",
        "rev": "2a403c9476638a33b1cab4851e55df13491eece3",
        "type": "github"
      },
      "original": {
        "id": "nixpkgs",
        "ref": "release-20.03",
        "type": "indirect"
      }
    },
    "nixpkgs": {
      "locked": {
        "lastModified": 1591748508,
        "narHash": "sha256-GdYYaYsSBgYUhbDT1JJQ7vEgo8FWeW/AW7/qqJuCvRA=",
        "owner": "NixOS",
        "repo": "nixpkgs",
        "rev": "1d8c4410687390f9b8f92dbe6ff39fd8fc2b17c6",
        "type": "github"
      },
      "original": {
        "id": "nixpkgs",
        "type": "indirect"
      }
    },
    "openems": {
      "locked": {
        "lastModified": 1597090402,
        "narHash": "sha256-YPQpewXo3fjqrN5s9JvUq3Is+7IIBLFUVHxIo6sOcZw=",
        "owner": "matthuszagh",
        "repo": "nixpkgs",
        "rev": "6b8a978a80e863c6f164fe199b8cd7c616da1639",
        "type": "github"
      },
      "original": {
        "owner": "matthuszagh",
        "ref": "openems",
        "repo": "nixpkgs",
        "type": "github"
      }
    },
    "root": {
      "inputs": {
        "home": "home",
        "master": "master",
        "nixos": "nixos",
        "openems": "openems"
      }
    }
  },
  "root": "root",
  "version": 7
}
