{
  "nodes": {
    "anystyleNixpkgs": {
      "locked": {
        "lastModified": 1598284025,
        "narHash": "sha256-nDlClDKs5dy62AqYAFnwFJMqBn+9P/iCKdy4hPgiJ8w=",
        "owner": "SCOTT-HAMILTON",
        "repo": "nixpkgs",
        "rev": "4cf6c95cb021b62e78e769af7ba64280b340b666",
        "type": "github"
      },
      "original": {
        "owner": "SCOTT-HAMILTON",
        "repo": "nixpkgs",
        "rev": "4cf6c95cb021b62e78e769af7ba64280b340b666",
        "type": "github"
      }
    },
    "asymptoteNixpkgs": {
      "locked": {
        "lastModified": 1593899772,
        "narHash": "sha256-3ROVxtJ+U59MNWKXEUpXiz2VAnuwVqUeGuEMEfQJkgY=",
        "owner": "nixos",
        "repo": "nixpkgs",
        "rev": "6eeb612a9b6160df2e110021d93bef3e6e538b9a",
        "type": "github"
      },
      "original": {
        "owner": "nixos",
        "repo": "nixpkgs",
        "rev": "6eeb612a9b6160df2e110021d93bef3e6e538b9a",
        "type": "github"
      }
    },
    "curaNixpkgs": {
      "locked": {
        "lastModified": 1625692967,
        "narHash": "sha256-KA2BnWBfLLMSOgn6oz1BIHKIBUlikqRxRbRi05Ue4fI=",
        "owner": "nixos",
        "repo": "nixpkgs",
        "rev": "797f77ab66f17c0c7e8c10b137a213d56c9ff36d",
        "type": "github"
      },
      "original": {
        "owner": "nixos",
        "repo": "nixpkgs",
        "rev": "797f77ab66f17c0c7e8c10b137a213d56c9ff36d",
        "type": "github"
      }
    },
    "dsviewNixpkgs": {
      "locked": {
        "lastModified": 1605710171,
        "narHash": "sha256-CVdObKQVbg55EosTKwTUaU4DCttiqm7ORcbIM6JOeac=",
        "owner": "nixos",
        "repo": "nixpkgs",
        "rev": "00b385c61226a3f3c396581fd7b4851d99e20910",
        "type": "github"
      },
      "original": {
        "owner": "nixos",
        "repo": "nixpkgs",
        "rev": "00b385c61226a3f3c396581fd7b4851d99e20910",
        "type": "github"
      }
    },
    "emacsOverlay": {
      "locked": {
        "lastModified": 1627031530,
        "narHash": "sha256-LpxaaUBBazT/+JZplEQ5YFmVL9a7IaCDQA55PvjS5IA=",
        "owner": "nix-community",
        "repo": "emacs-overlay",
        "rev": "676a4f41e776229df3f191962b08d7c7c7891e33",
        "type": "github"
      },
      "original": {
        "owner": "nix-community",
        "repo": "emacs-overlay",
        "type": "github"
      }
    },
    "freecadNixpkgs": {
      "locked": {
        "lastModified": 1625692967,
        "narHash": "sha256-KA2BnWBfLLMSOgn6oz1BIHKIBUlikqRxRbRi05Ue4fI=",
        "owner": "nixos",
        "repo": "nixpkgs",
        "rev": "797f77ab66f17c0c7e8c10b137a213d56c9ff36d",
        "type": "github"
      },
      "original": {
        "owner": "nixos",
        "repo": "nixpkgs",
        "rev": "797f77ab66f17c0c7e8c10b137a213d56c9ff36d",
        "type": "github"
      }
    },
    "home": {
      "inputs": {
        "nixpkgs": "nixpkgs"
      },
      "locked": {
        "lastModified": 1627158444,
        "narHash": "sha256-+C0SqhyQQplhcmWl681ODGNWUng8Wp1yvC/MdI1Q7hY=",
        "owner": "rycee",
        "repo": "home-manager",
        "rev": "9c0abed5228d54aad120b4bc757b6f5935aeda1c",
        "type": "github"
      },
      "original": {
        "owner": "rycee",
        "ref": "release-21.05",
        "repo": "home-manager",
        "type": "github"
      }
    },
    "inkscapeNixpkgs": {
      "locked": {
        "lastModified": 1625692967,
        "narHash": "sha256-KA2BnWBfLLMSOgn6oz1BIHKIBUlikqRxRbRi05Ue4fI=",
        "owner": "nixos",
        "repo": "nixpkgs",
        "rev": "797f77ab66f17c0c7e8c10b137a213d56c9ff36d",
        "type": "github"
      },
      "original": {
        "owner": "nixos",
        "repo": "nixpkgs",
        "rev": "797f77ab66f17c0c7e8c10b137a213d56c9ff36d",
        "type": "github"
      }
    },
    "koreaderNixpkgs": {
      "locked": {
        "lastModified": 1601708259,
        "narHash": "sha256-j74lcQLGLFmmrd2/Zy9BR8GNU8RcvLFoH1S54Ow6Baw=",
        "owner": "contrun",
        "repo": "nixpkgs",
        "rev": "f899b94e7072d8c217aedcbf047d174a4530d4a1",
        "type": "github"
      },
      "original": {
        "owner": "contrun",
        "repo": "nixpkgs",
        "rev": "f899b94e7072d8c217aedcbf047d174a4530d4a1",
        "type": "github"
      }
    },
    "ladyHeatherNixpkgs": {
      "locked": {
        "lastModified": 1618190145,
        "narHash": "sha256-YF4OE5qyJzPTGLvTe+i0byhHxrgYjIZ7d+/GTgwSQJc=",
        "owner": "matthuszagh",
        "repo": "nixpkgs",
        "rev": "8ebc0a9f396e5a06dd59af3672f5bd4a6b9232c5",
        "type": "github"
      },
      "original": {
        "owner": "matthuszagh",
        "ref": "lady-heather",
        "repo": "nixpkgs",
        "type": "github"
      }
    },
    "latexmlNixpkgs": {
      "locked": {
        "lastModified": 1599254524,
        "narHash": "sha256-Eg6v9Qhyc5Ajao5EEhk0YTNHS/Y9FPKWUvXbdIJyVh4=",
        "owner": "xworld21",
        "repo": "nixpkgs",
        "rev": "d66ad88b42ce0894d4c05b7f9fdb270d6c39df5f",
        "type": "github"
      },
      "original": {
        "owner": "xworld21",
        "repo": "nixpkgs",
        "rev": "d66ad88b42ce0894d4c05b7f9fdb270d6c39df5f",
        "type": "github"
      }
    },
    "mesaNixpkgs": {
      "locked": {
        "lastModified": 1593760204,
        "narHash": "sha256-M/c2DTP6EUnSgnBYyVScApeHv5I+NbN57nn+px4bEaI=",
        "owner": "nixos",
        "repo": "nixpkgs",
        "rev": "bdac777becdbb8780c35be4f552c9d4518fe0bdb",
        "type": "github"
      },
      "original": {
        "owner": "nixos",
        "repo": "nixpkgs",
        "rev": "bdac777becdbb8780c35be4f552c9d4518fe0bdb",
        "type": "github"
      }
    },
    "nixpkgs": {
      "locked": {
        "lastModified": 1627256623,
        "narHash": "sha256-ARxneW7U7tWjakBwCfd+y8p/VUBZyFWhFUFZ1i/wlgw=",
        "owner": "NixOS",
        "repo": "nixpkgs",
        "rev": "8dee9de4781564940cfa8145c7a0f409041ef646",
        "type": "github"
      },
      "original": {
        "id": "nixpkgs",
        "type": "indirect"
      }
    },
    "nixpkgs_2": {
      "locked": {
        "lastModified": 1622516815,
        "narHash": "sha256-ZjBd81a6J3TwtlBr3rHsZspYUwT9OdhDk+a/SgSEf7I=",
        "owner": "nixos",
        "repo": "nixpkgs",
        "rev": "7e9b0dff974c89e070da1ad85713ff3c20b0ca97",
        "type": "github"
      },
      "original": {
        "owner": "nixos",
        "repo": "nixpkgs",
        "rev": "7e9b0dff974c89e070da1ad85713ff3c20b0ca97",
        "type": "github"
      }
    },
    "paraviewNixpkgs": {
      "locked": {
        "lastModified": 1590962352,
        "narHash": "sha256-dfm8PBY0ThUegxzmYdUcmW3jR9dIpED+EDQi4U9LMJg=",
        "owner": "nixos",
        "repo": "nixpkgs",
        "rev": "72158c231ae46a34ec16b8134d2a8598506acd9c",
        "type": "github"
      },
      "original": {
        "owner": "nixos",
        "repo": "nixpkgs",
        "rev": "72158c231ae46a34ec16b8134d2a8598506acd9c",
        "type": "github"
      }
    },
    "root": {
      "inputs": {
        "anystyleNixpkgs": "anystyleNixpkgs",
        "asymptoteNixpkgs": "asymptoteNixpkgs",
        "curaNixpkgs": "curaNixpkgs",
        "dsviewNixpkgs": "dsviewNixpkgs",
        "emacsOverlay": "emacsOverlay",
        "freecadNixpkgs": "freecadNixpkgs",
        "home": "home",
        "inkscapeNixpkgs": "inkscapeNixpkgs",
        "koreaderNixpkgs": "koreaderNixpkgs",
        "ladyHeatherNixpkgs": "ladyHeatherNixpkgs",
        "latexmlNixpkgs": "latexmlNixpkgs",
        "mesaNixpkgs": "mesaNixpkgs",
        "nixpkgs": "nixpkgs_2",
        "paraviewNixpkgs": "paraviewNixpkgs",
        "sageNixpkgs": "sageNixpkgs",
        "ventoyNixpkgs": "ventoyNixpkgs",
        "verilatorNixpkgs": "verilatorNixpkgs",
        "vivadoNixpkgs": "vivadoNixpkgs"
      }
    },
    "sageNixpkgs": {
      "locked": {
        "lastModified": 1617841999,
        "narHash": "sha256-Lj8Obdcf7UMXJ8zyEDULJgv8MKE87E66/YuU46Va5v0=",
        "owner": "nixos",
        "repo": "nixpkgs",
        "rev": "49cfaef0c34007ade99c7a23497bd5993b8152f0",
        "type": "github"
      },
      "original": {
        "owner": "nixos",
        "repo": "nixpkgs",
        "rev": "49cfaef0c34007ade99c7a23497bd5993b8152f0",
        "type": "github"
      }
    },
    "ventoyNixpkgs": {
      "locked": {
        "lastModified": 1588239189,
        "narHash": "sha256-iDMCKwcj2tw4t1QStbo8ep33MjRrVdHB/STtmByZ9Xs=",
        "owner": "Br1ght0ne",
        "repo": "nixpkgs",
        "rev": "f09655337b699bcc323e3b92a670d910e77035ae",
        "type": "github"
      },
      "original": {
        "owner": "Br1ght0ne",
        "repo": "nixpkgs",
        "rev": "f09655337b699bcc323e3b92a670d910e77035ae",
        "type": "github"
      }
    },
    "verilatorNixpkgs": {
      "locked": {
        "lastModified": 1598198484,
        "narHash": "sha256-JHmRB/iUzWQ/F9R00pV1DUCIk2kVy48ABWIpmvo4q30=",
        "owner": "nixos",
        "repo": "nixpkgs",
        "rev": "1e451da3860c1c562fdccefb7f0380f765251399",
        "type": "github"
      },
      "original": {
        "owner": "nixos",
        "repo": "nixpkgs",
        "rev": "1e451da3860c1c562fdccefb7f0380f765251399",
        "type": "github"
      }
    },
    "vivadoNixpkgs": {
      "locked": {
        "lastModified": 1595098392,
        "narHash": "sha256-zGK1HqSN6KWigO1J2Unp4SNy//SWDBGkVtPYPDhSOeg=",
        "owner": "matthuszagh",
        "repo": "nixpkgs",
        "rev": "5845946d0e11ad566734f89b39deaa2a88deba72",
        "type": "github"
      },
      "original": {
        "owner": "matthuszagh",
        "ref": "vivado",
        "repo": "nixpkgs",
        "type": "github"
      }
    }
  },
  "root": "root",
  "version": 7
}
