{
  "nodes": {
    "home": {
      "inputs": {
        "nixpkgs": "nixpkgs"
      },
      "locked": {
        "lastModified": 1591751635,
        "narHash": "sha256-KgGtyFlkI/fsp+j8VEgJ/ynY9B91aX35Xp04HlDLRTo=",
        "owner": "rycee",
        "repo": "home-manager",
        "rev": "b3fee796fcd5531693d9b84ece76ad6836bb1cfa",
        "type": "github"
      },
      "original": {
        "owner": "rycee",
        "ref": "bqv-flakes",
        "repo": "home-manager",
        "type": "github"
      }
    },
    "nixpkgs": {
      "locked": {
        "lastModified": 1591748508,
        "narHash": "sha256-GdYYaYsSBgYUhbDT1JJQ7vEgo8FWeW/AW7/qqJuCvRA=",
        "owner": "NixOS",
        "repo": "nixpkgs",
        "rev": "1d8c4410687390f9b8f92dbe6ff39fd8fc2b17c6",
        "type": "github"
      },
      "original": {
        "id": "nixpkgs",
        "type": "indirect"
      }
    },
    "nixpkgs_2": {
      "locked": {
        "lastModified": 1597720731,
        "narHash": "sha256-3NGukdY8O1OkiDSUVtIPwdygvRw0PIrRnD7AY0q0Luw=",
        "owner": "NixOS",
        "repo": "nixpkgs",
        "rev": "670c094af1a0c0ce83891e2f417658976bd9da35",
        "type": "github"
      },
      "original": {
        "id": "nixpkgs",
        "ref": "master",
        "type": "indirect"
      }
    },
    "root": {
      "inputs": {
        "home": "home",
        "nixpkgs": "nixpkgs_2"
      }
    }
  },
  "root": "root",
  "version": 7
}
